// !$*UTF8*$!
{
	archiveVersion = 1;
	classes = {
	};
	objectVersion = 56;
	objects = {

/* Begin PBXBuildFile section */
		6219E3532BF5F0F700B7001A /* iOS_MobileO11yDemoApp.swift in Sources */ = {isa = PBXBuildFile; fileRef = 6219E3522BF5F0F700B7001A /* iOS_MobileO11yDemoApp.swift */; };
		6219E3552BF5F0F700B7001A /* ContentView.swift in Sources */ = {isa = PBXBuildFile; fileRef = 6219E3542BF5F0F700B7001A /* ContentView.swift */; };
		6219E3572BF5F0F800B7001A /* Assets.xcassets in Resources */ = {isa = PBXBuildFile; fileRef = 6219E3562BF5F0F800B7001A /* Assets.xcassets */; };
		6219E35A2BF5F0F800B7001A /* Preview Assets.xcassets in Resources */ = {isa = PBXBuildFile; fileRef = 6219E3592BF5F0F800B7001A /* Preview Assets.xcassets */; };
		6219E3642BF5F0F800B7001A /* iOS_MobileO11yDemoTests.swift in Sources */ = {isa = PBXBuildFile; fileRef = 6219E3632BF5F0F800B7001A /* iOS_MobileO11yDemoTests.swift */; };
		6219E36E2BF5F0F900B7001A /* iOS_MobileO11yDemoUITests.swift in Sources */ = {isa = PBXBuildFile; fileRef = 6219E36D2BF5F0F900B7001A /* iOS_MobileO11yDemoUITests.swift */; };
		6219E3702BF5F0F900B7001A /* iOS_MobileO11yDemoUITestsLaunchTests.swift in Sources */ = {isa = PBXBuildFile; fileRef = 6219E36F2BF5F0F900B7001A /* iOS_MobileO11yDemoUITestsLaunchTests.swift */; };
		6219E37E2BF5F27E00B7001A /* OTelTraces.swift in Sources */ = {isa = PBXBuildFile; fileRef = 6219E37D2BF5F27E00B7001A /* OTelTraces.swift */; };
		6219E3832BF5F3D100B7001A /* OpenTelemetryApi in Frameworks */ = {isa = PBXBuildFile; productRef = 6219E3822BF5F3D100B7001A /* OpenTelemetryApi */; };
		6219E3872BF5F3D100B7001A /* OpenTelemetryProtocolExporterHTTP in Frameworks */ = {isa = PBXBuildFile; productRef = 6219E3862BF5F3D100B7001A /* OpenTelemetryProtocolExporterHTTP */; };
		6219E3892BF5F3D100B7001A /* OpenTelemetrySdk in Frameworks */ = {isa = PBXBuildFile; productRef = 6219E3882BF5F3D100B7001A /* OpenTelemetrySdk */; };
		6219E38B2BF5F3D100B7001A /* ResourceExtension in Frameworks */ = {isa = PBXBuildFile; productRef = 6219E38A2BF5F3D100B7001A /* ResourceExtension */; };
		6219E38D2BF5F3D100B7001A /* SignPostIntegration in Frameworks */ = {isa = PBXBuildFile; productRef = 6219E38C2BF5F3D100B7001A /* SignPostIntegration */; };
		6219E38F2BF5F3D100B7001A /* StdoutExporter in Frameworks */ = {isa = PBXBuildFile; productRef = 6219E38E2BF5F3D100B7001A /* StdoutExporter */; };
		6219E3932BF5F3D100B7001A /* URLSessionInstrumentation in Frameworks */ = {isa = PBXBuildFile; productRef = 6219E3922BF5F3D100B7001A /* URLSessionInstrumentation */; };
		6219E39D2BF5F41B00B7001A /* OTelConfig.swift in Sources */ = {isa = PBXBuildFile; fileRef = 6219E39C2BF5F41B00B7001A /* OTelConfig.swift */; };
		6219E39F2BF5F53F00B7001A /* OTelResourceProvider.swift in Sources */ = {isa = PBXBuildFile; fileRef = 6219E39E2BF5F53F00B7001A /* OTelResourceProvider.swift */; };
		6219E3A12BF5F5FC00B7001A /* OTelAuthProvider.swift in Sources */ = {isa = PBXBuildFile; fileRef = 6219E3A02BF5F5FC00B7001A /* OTelAuthProvider.swift */; };
		6219E3A32BF5F66300B7001A /* OTelLogs.swift in Sources */ = {isa = PBXBuildFile; fileRef = 6219E3A22BF5F66300B7001A /* OTelLogs.swift */; };
		6219E3A62BF5F9A600B7001A /* RemoteActionService.swift in Sources */ = {isa = PBXBuildFile; fileRef = 6219E3A52BF5F9A600B7001A /* RemoteActionService.swift */; };
		6219E3A92BF5F9F900B7001A /* CarDoorStatus.swift in Sources */ = {isa = PBXBuildFile; fileRef = 6219E3A82BF5F9F900B7001A /* CarDoorStatus.swift */; };
		6219E3AB2BF5FC3A00B7001A /* ChangeDoorStatusRemoteAction.swift in Sources */ = {isa = PBXBuildFile; fileRef = 6219E3AA2BF5FC3A00B7001A /* ChangeDoorStatusRemoteAction.swift */; };
		6219E3AE2BF5FD1700B7001A /* InjectedValues.swift in Sources */ = {isa = PBXBuildFile; fileRef = 6219E3AD2BF5FD1700B7001A /* InjectedValues.swift */; };
		6219E3B12BF5FD7700B7001A /* RemoteActionApiClient.swift in Sources */ = {isa = PBXBuildFile; fileRef = 6219E3B02BF5FD7700B7001A /* RemoteActionApiClient.swift */; };
		6219E3B32BF6002500B7001A /* ApiError.swift in Sources */ = {isa = PBXBuildFile; fileRef = 6219E3B22BF6002500B7001A /* ApiError.swift */; };
		62656F092BF94CBE009EB228 /* Logger.swift in Sources */ = {isa = PBXBuildFile; fileRef = 62656F082BF94CBE009EB228 /* Logger.swift */; };
		62994D662C0F488B008D8F78 /* PhoneToCarUpdateSoftwareActionView.swift in Sources */ = {isa = PBXBuildFile; fileRef = 62994D652C0F488B008D8F78 /* PhoneToCarUpdateSoftwareActionView.swift */; };
		62BCDD7E2C0F28AB00DC5715 /* RemoteActionView.swift in Sources */ = {isa = PBXBuildFile; fileRef = 62BCDD7D2C0F28AB00DC5715 /* RemoteActionView.swift */; };
		62BCDD802C0F2E8C00DC5715 /* PhoneToCarActionView.swift in Sources */ = {isa = PBXBuildFile; fileRef = 62BCDD7F2C0F2E8C00DC5715 /* PhoneToCarActionView.swift */; };
		62FDE73B2C0F3DCD00DCB86E /* PhoneToCarConnectedActionView.swift in Sources */ = {isa = PBXBuildFile; fileRef = 62FDE73A2C0F3DCD00DCB86E /* PhoneToCarConnectedActionView.swift */; };
		62FDE73D2C0F3DE100DCB86E /* PhoneToCarNotConnectedActionView.swift in Sources */ = {isa = PBXBuildFile; fileRef = 62FDE73C2C0F3DE100DCB86E /* PhoneToCarNotConnectedActionView.swift */; };
		62FDE7402C0F410200DCB86E /* DoorLockStateView.swift in Sources */ = {isa = PBXBuildFile; fileRef = 62FDE73F2C0F410200DCB86E /* DoorLockStateView.swift */; };
		62FDE7422C0F44D700DCB86E /* PhoneToCarLockUnlockActionView.swift in Sources */ = {isa = PBXBuildFile; fileRef = 62FDE7412C0F44D700DCB86E /* PhoneToCarLockUnlockActionView.swift */; };
/* End PBXBuildFile section */

/* Begin PBXContainerItemProxy section */
		6219E3602BF5F0F800B7001A /* PBXContainerItemProxy */ = {
			isa = PBXContainerItemProxy;
			containerPortal = 6219E3472BF5F0F700B7001A /* Project object */;
			proxyType = 1;
			remoteGlobalIDString = 6219E34E2BF5F0F700B7001A;
			remoteInfo = "iOS-MobileO11yDemo";
		};
		6219E36A2BF5F0F900B7001A /* PBXContainerItemProxy */ = {
			isa = PBXContainerItemProxy;
			containerPortal = 6219E3472BF5F0F700B7001A /* Project object */;
			proxyType = 1;
			remoteGlobalIDString = 6219E34E2BF5F0F700B7001A;
			remoteInfo = "iOS-MobileO11yDemo";
		};
/* End PBXContainerItemProxy section */

/* Begin PBXFileReference section */
		6219E34F2BF5F0F700B7001A /* iOS-MobileO11yDemo.app */ = {isa = PBXFileReference; explicitFileType = wrapper.application; includeInIndex = 0; path = "iOS-MobileO11yDemo.app"; sourceTree = BUILT_PRODUCTS_DIR; };
		6219E3522BF5F0F700B7001A /* iOS_MobileO11yDemoApp.swift */ = {isa = PBXFileReference; lastKnownFileType = sourcecode.swift; path = iOS_MobileO11yDemoApp.swift; sourceTree = "<group>"; };
		6219E3542BF5F0F700B7001A /* ContentView.swift */ = {isa = PBXFileReference; lastKnownFileType = sourcecode.swift; path = ContentView.swift; sourceTree = "<group>"; };
		6219E3562BF5F0F800B7001A /* Assets.xcassets */ = {isa = PBXFileReference; lastKnownFileType = folder.assetcatalog; path = Assets.xcassets; sourceTree = "<group>"; };
		6219E3592BF5F0F800B7001A /* Preview Assets.xcassets */ = {isa = PBXFileReference; lastKnownFileType = folder.assetcatalog; path = "Preview Assets.xcassets"; sourceTree = "<group>"; };
		6219E35F2BF5F0F800B7001A /* iOS-MobileO11yDemoTests.xctest */ = {isa = PBXFileReference; explicitFileType = wrapper.cfbundle; includeInIndex = 0; path = "iOS-MobileO11yDemoTests.xctest"; sourceTree = BUILT_PRODUCTS_DIR; };
		6219E3632BF5F0F800B7001A /* iOS_MobileO11yDemoTests.swift */ = {isa = PBXFileReference; lastKnownFileType = sourcecode.swift; path = iOS_MobileO11yDemoTests.swift; sourceTree = "<group>"; };
		6219E3692BF5F0F900B7001A /* iOS-MobileO11yDemoUITests.xctest */ = {isa = PBXFileReference; explicitFileType = wrapper.cfbundle; includeInIndex = 0; path = "iOS-MobileO11yDemoUITests.xctest"; sourceTree = BUILT_PRODUCTS_DIR; };
		6219E36D2BF5F0F900B7001A /* iOS_MobileO11yDemoUITests.swift */ = {isa = PBXFileReference; lastKnownFileType = sourcecode.swift; path = iOS_MobileO11yDemoUITests.swift; sourceTree = "<group>"; };
		6219E36F2BF5F0F900B7001A /* iOS_MobileO11yDemoUITestsLaunchTests.swift */ = {isa = PBXFileReference; lastKnownFileType = sourcecode.swift; path = iOS_MobileO11yDemoUITestsLaunchTests.swift; sourceTree = "<group>"; };
		6219E37D2BF5F27E00B7001A /* OTelTraces.swift */ = {isa = PBXFileReference; lastKnownFileType = sourcecode.swift; path = OTelTraces.swift; sourceTree = "<group>"; };
		6219E39C2BF5F41B00B7001A /* OTelConfig.swift */ = {isa = PBXFileReference; lastKnownFileType = sourcecode.swift; path = OTelConfig.swift; sourceTree = "<group>"; };
		6219E39E2BF5F53F00B7001A /* OTelResourceProvider.swift */ = {isa = PBXFileReference; lastKnownFileType = sourcecode.swift; path = OTelResourceProvider.swift; sourceTree = "<group>"; };
		6219E3A02BF5F5FC00B7001A /* OTelAuthProvider.swift */ = {isa = PBXFileReference; lastKnownFileType = sourcecode.swift; path = OTelAuthProvider.swift; sourceTree = "<group>"; };
		6219E3A22BF5F66300B7001A /* OTelLogs.swift */ = {isa = PBXFileReference; lastKnownFileType = sourcecode.swift; path = OTelLogs.swift; sourceTree = "<group>"; };
		6219E3A52BF5F9A600B7001A /* RemoteActionService.swift */ = {isa = PBXFileReference; lastKnownFileType = sourcecode.swift; path = RemoteActionService.swift; sourceTree = "<group>"; };
		6219E3A82BF5F9F900B7001A /* CarDoorStatus.swift */ = {isa = PBXFileReference; lastKnownFileType = sourcecode.swift; path = CarDoorStatus.swift; sourceTree = "<group>"; };
		6219E3AA2BF5FC3A00B7001A /* ChangeDoorStatusRemoteAction.swift */ = {isa = PBXFileReference; lastKnownFileType = sourcecode.swift; path = ChangeDoorStatusRemoteAction.swift; sourceTree = "<group>"; };
		6219E3AD2BF5FD1700B7001A /* InjectedValues.swift */ = {isa = PBXFileReference; lastKnownFileType = sourcecode.swift; path = InjectedValues.swift; sourceTree = "<group>"; };
		6219E3B02BF5FD7700B7001A /* RemoteActionApiClient.swift */ = {isa = PBXFileReference; lastKnownFileType = sourcecode.swift; path = RemoteActionApiClient.swift; sourceTree = "<group>"; };
		6219E3B22BF6002500B7001A /* ApiError.swift */ = {isa = PBXFileReference; lastKnownFileType = sourcecode.swift; path = ApiError.swift; sourceTree = "<group>"; };
		62656F082BF94CBE009EB228 /* Logger.swift */ = {isa = PBXFileReference; lastKnownFileType = sourcecode.swift; path = Logger.swift; sourceTree = "<group>"; };
		62994D652C0F488B008D8F78 /* PhoneToCarUpdateSoftwareActionView.swift */ = {isa = PBXFileReference; lastKnownFileType = sourcecode.swift; path = PhoneToCarUpdateSoftwareActionView.swift; sourceTree = "<group>"; };
		62BCDD7D2C0F28AB00DC5715 /* RemoteActionView.swift */ = {isa = PBXFileReference; lastKnownFileType = sourcecode.swift; path = RemoteActionView.swift; sourceTree = "<group>"; };
		62BCDD7F2C0F2E8C00DC5715 /* PhoneToCarActionView.swift */ = {isa = PBXFileReference; lastKnownFileType = sourcecode.swift; path = PhoneToCarActionView.swift; sourceTree = "<group>"; };
		62FDE73A2C0F3DCD00DCB86E /* PhoneToCarConnectedActionView.swift */ = {isa = PBXFileReference; lastKnownFileType = sourcecode.swift; path = PhoneToCarConnectedActionView.swift; sourceTree = "<group>"; };
		62FDE73C2C0F3DE100DCB86E /* PhoneToCarNotConnectedActionView.swift */ = {isa = PBXFileReference; lastKnownFileType = sourcecode.swift; path = PhoneToCarNotConnectedActionView.swift; sourceTree = "<group>"; };
		62FDE73F2C0F410200DCB86E /* DoorLockStateView.swift */ = {isa = PBXFileReference; lastKnownFileType = sourcecode.swift; path = DoorLockStateView.swift; sourceTree = "<group>"; };
		62FDE7412C0F44D700DCB86E /* PhoneToCarLockUnlockActionView.swift */ = {isa = PBXFileReference; lastKnownFileType = sourcecode.swift; path = PhoneToCarLockUnlockActionView.swift; sourceTree = "<group>"; };
/* End PBXFileReference section */

/* Begin PBXFrameworksBuildPhase section */
		6219E34C2BF5F0F700B7001A /* Frameworks */ = {
			isa = PBXFrameworksBuildPhase;
			buildActionMask = 2147483647;
			files = (
				6219E3892BF5F3D100B7001A /* OpenTelemetrySdk in Frameworks */,
				6219E38F2BF5F3D100B7001A /* StdoutExporter in Frameworks */,
				6219E38B2BF5F3D100B7001A /* ResourceExtension in Frameworks */,
				6219E38D2BF5F3D100B7001A /* SignPostIntegration in Frameworks */,
				6219E3832BF5F3D100B7001A /* OpenTelemetryApi in Frameworks */,
				6219E3932BF5F3D100B7001A /* URLSessionInstrumentation in Frameworks */,
				6219E3872BF5F3D100B7001A /* OpenTelemetryProtocolExporterHTTP in Frameworks */,
			);
			runOnlyForDeploymentPostprocessing = 0;
		};
		6219E35C2BF5F0F800B7001A /* Frameworks */ = {
			isa = PBXFrameworksBuildPhase;
			buildActionMask = 2147483647;
			files = (
			);
			runOnlyForDeploymentPostprocessing = 0;
		};
		6219E3662BF5F0F900B7001A /* Frameworks */ = {
			isa = PBXFrameworksBuildPhase;
			buildActionMask = 2147483647;
			files = (
			);
			runOnlyForDeploymentPostprocessing = 0;
		};
/* End PBXFrameworksBuildPhase section */

/* Begin PBXGroup section */
		6219E3462BF5F0F700B7001A = {
			isa = PBXGroup;
			children = (
				6219E3512BF5F0F700B7001A /* iOS-MobileO11yDemo */,
				6219E3622BF5F0F800B7001A /* iOS-MobileO11yDemoTests */,
				6219E36C2BF5F0F900B7001A /* iOS-MobileO11yDemoUITests */,
				6219E3502BF5F0F700B7001A /* Products */,
			);
			sourceTree = "<group>";
		};
		6219E3502BF5F0F700B7001A /* Products */ = {
			isa = PBXGroup;
			children = (
				6219E34F2BF5F0F700B7001A /* iOS-MobileO11yDemo.app */,
				6219E35F2BF5F0F800B7001A /* iOS-MobileO11yDemoTests.xctest */,
				6219E3692BF5F0F900B7001A /* iOS-MobileO11yDemoUITests.xctest */,
			);
			name = Products;
			sourceTree = "<group>";
		};
		6219E3512BF5F0F700B7001A /* iOS-MobileO11yDemo */ = {
			isa = PBXGroup;
			children = (
				62BCDD812C0F2F3000DC5715 /* Common */,
				62BCDD7A2C0F281B00DC5715 /* Features */,
				6219E3522BF5F0F700B7001A /* iOS_MobileO11yDemoApp.swift */,
				6219E3542BF5F0F700B7001A /* ContentView.swift */,
				6219E3562BF5F0F800B7001A /* Assets.xcassets */,
				6219E3582BF5F0F800B7001A /* Preview Content */,
			);
			path = "iOS-MobileO11yDemo";
			sourceTree = "<group>";
		};
		6219E3582BF5F0F800B7001A /* Preview Content */ = {
			isa = PBXGroup;
			children = (
				6219E3592BF5F0F800B7001A /* Preview Assets.xcassets */,
			);
			path = "Preview Content";
			sourceTree = "<group>";
		};
		6219E3622BF5F0F800B7001A /* iOS-MobileO11yDemoTests */ = {
			isa = PBXGroup;
			children = (
				6219E3632BF5F0F800B7001A /* iOS_MobileO11yDemoTests.swift */,
			);
			path = "iOS-MobileO11yDemoTests";
			sourceTree = "<group>";
		};
		6219E36C2BF5F0F900B7001A /* iOS-MobileO11yDemoUITests */ = {
			isa = PBXGroup;
			children = (
				6219E36D2BF5F0F900B7001A /* iOS_MobileO11yDemoUITests.swift */,
				6219E36F2BF5F0F900B7001A /* iOS_MobileO11yDemoUITestsLaunchTests.swift */,
			);
			path = "iOS-MobileO11yDemoUITests";
			sourceTree = "<group>";
		};
		6219E37C2BF5F22D00B7001A /* OpenTelemetry */ = {
			isa = PBXGroup;
			children = (
				6219E37D2BF5F27E00B7001A /* OTelTraces.swift */,
				6219E39C2BF5F41B00B7001A /* OTelConfig.swift */,
				6219E39E2BF5F53F00B7001A /* OTelResourceProvider.swift */,
				6219E3A02BF5F5FC00B7001A /* OTelAuthProvider.swift */,
				6219E3A22BF5F66300B7001A /* OTelLogs.swift */,
			);
			path = OpenTelemetry;
			sourceTree = "<group>";
		};
		6219E3A42BF5F98E00B7001A /* Services */ = {
			isa = PBXGroup;
			children = (
				6219E3A52BF5F9A600B7001A /* RemoteActionService.swift */,
			);
			path = Services;
			sourceTree = "<group>";
		};
		6219E3A72BF5F9E000B7001A /* Models */ = {
			isa = PBXGroup;
			children = (
				6219E3A82BF5F9F900B7001A /* CarDoorStatus.swift */,
				6219E3B22BF6002500B7001A /* ApiError.swift */,
			);
			path = Models;
			sourceTree = "<group>";
		};
		6219E3AC2BF5FD0900B7001A /* DependencyInjection */ = {
			isa = PBXGroup;
			children = (
				6219E3AD2BF5FD1700B7001A /* InjectedValues.swift */,
			);
			path = DependencyInjection;
			sourceTree = "<group>";
		};
		6219E3AF2BF5FD6100B7001A /* ApiClient */ = {
			isa = PBXGroup;
			children = (
				6219E3B02BF5FD7700B7001A /* RemoteActionApiClient.swift */,
			);
			path = ApiClient;
			sourceTree = "<group>";
		};
		62656F072BF94C9B009EB228 /* Logger */ = {
			isa = PBXGroup;
			children = (
				62656F082BF94CBE009EB228 /* Logger.swift */,
			);
			path = Logger;
			sourceTree = "<group>";
		};
		62BCDD7A2C0F281B00DC5715 /* Features */ = {
			isa = PBXGroup;
			children = (
				62BCDD7C2C0F284000DC5715 /* CarConnectionAction */,
				62BCDD7B2C0F283500DC5715 /* RemoteActions */,
			);
			path = Features;
			sourceTree = "<group>";
		};
		62BCDD7B2C0F283500DC5715 /* RemoteActions */ = {
			isa = PBXGroup;
			children = (
				62BCDD832C0F2F9700DC5715 /* Models */,
				62BCDD822C0F2F5E00DC5715 /* Views */,
				6219E3A42BF5F98E00B7001A /* Services */,
			);
			path = RemoteActions;
			sourceTree = "<group>";
		};
		62BCDD7C2C0F284000DC5715 /* CarConnectionAction */ = {
			isa = PBXGroup;
			children = (
				62FDE7392C0F3CDB00DCB86E /* Views */,
			);
			path = CarConnectionAction;
			sourceTree = "<group>";
		};
		62BCDD812C0F2F3000DC5715 /* Common */ = {
			isa = PBXGroup;
			children = (
				62FDE73E2C0F40C400DCB86E /* Views */,
				6219E3A72BF5F9E000B7001A /* Models */,
				6219E37C2BF5F22D00B7001A /* OpenTelemetry */,
				6219E3AC2BF5FD0900B7001A /* DependencyInjection */,
				6219E3AF2BF5FD6100B7001A /* ApiClient */,
				62656F072BF94C9B009EB228 /* Logger */,
			);
			path = Common;
			sourceTree = "<group>";
		};
		62BCDD822C0F2F5E00DC5715 /* Views */ = {
			isa = PBXGroup;
			children = (
				62BCDD7D2C0F28AB00DC5715 /* RemoteActionView.swift */,
			);
			path = Views;
			sourceTree = "<group>";
		};
		62BCDD832C0F2F9700DC5715 /* Models */ = {
			isa = PBXGroup;
			children = (
				6219E3AA2BF5FC3A00B7001A /* ChangeDoorStatusRemoteAction.swift */,
			);
			path = Models;
			sourceTree = "<group>";
		};
		62FDE7392C0F3CDB00DCB86E /* Views */ = {
			isa = PBXGroup;
			children = (
				62BCDD7F2C0F2E8C00DC5715 /* PhoneToCarActionView.swift */,
				62FDE73A2C0F3DCD00DCB86E /* PhoneToCarConnectedActionView.swift */,
				62FDE73C2C0F3DE100DCB86E /* PhoneToCarNotConnectedActionView.swift */,
				62FDE7412C0F44D700DCB86E /* PhoneToCarLockUnlockActionView.swift */,
				62994D652C0F488B008D8F78 /* PhoneToCarUpdateSoftwareActionView.swift */,
			);
			path = Views;
			sourceTree = "<group>";
		};
		62FDE73E2C0F40C400DCB86E /* Views */ = {
			isa = PBXGroup;
			children = (
				62FDE73F2C0F410200DCB86E /* DoorLockStateView.swift */,
			);
			path = Views;
			sourceTree = "<group>";
		};
/* End PBXGroup section */

/* Begin PBXNativeTarget section */
		6219E34E2BF5F0F700B7001A /* iOS-MobileO11yDemo */ = {
			isa = PBXNativeTarget;
			buildConfigurationList = 6219E3732BF5F0F900B7001A /* Build configuration list for PBXNativeTarget "iOS-MobileO11yDemo" */;
			buildPhases = (
				62B850802BFAA71800DB0EAE /* Update Otel Config */,
				6219E34B2BF5F0F700B7001A /* Sources */,
				6219E34C2BF5F0F700B7001A /* Frameworks */,
				6219E34D2BF5F0F700B7001A /* Resources */,
			);
			buildRules = (
			);
			dependencies = (
			);
			name = "iOS-MobileO11yDemo";
			packageProductDependencies = (
				6219E3822BF5F3D100B7001A /* OpenTelemetryApi */,
				6219E3862BF5F3D100B7001A /* OpenTelemetryProtocolExporterHTTP */,
				6219E3882BF5F3D100B7001A /* OpenTelemetrySdk */,
				6219E38A2BF5F3D100B7001A /* ResourceExtension */,
				6219E38C2BF5F3D100B7001A /* SignPostIntegration */,
				6219E38E2BF5F3D100B7001A /* StdoutExporter */,
				6219E3922BF5F3D100B7001A /* URLSessionInstrumentation */,
			);
			productName = "iOS-MobileO11yDemo";
			productReference = 6219E34F2BF5F0F700B7001A /* iOS-MobileO11yDemo.app */;
			productType = "com.apple.product-type.application";
		};
		6219E35E2BF5F0F800B7001A /* iOS-MobileO11yDemoTests */ = {
			isa = PBXNativeTarget;
			buildConfigurationList = 6219E3762BF5F0F900B7001A /* Build configuration list for PBXNativeTarget "iOS-MobileO11yDemoTests" */;
			buildPhases = (
				6219E35B2BF5F0F800B7001A /* Sources */,
				6219E35C2BF5F0F800B7001A /* Frameworks */,
				6219E35D2BF5F0F800B7001A /* Resources */,
			);
			buildRules = (
			);
			dependencies = (
				6219E3612BF5F0F800B7001A /* PBXTargetDependency */,
			);
			name = "iOS-MobileO11yDemoTests";
			productName = "iOS-MobileO11yDemoTests";
			productReference = 6219E35F2BF5F0F800B7001A /* iOS-MobileO11yDemoTests.xctest */;
			productType = "com.apple.product-type.bundle.unit-test";
		};
		6219E3682BF5F0F900B7001A /* iOS-MobileO11yDemoUITests */ = {
			isa = PBXNativeTarget;
			buildConfigurationList = 6219E3792BF5F0F900B7001A /* Build configuration list for PBXNativeTarget "iOS-MobileO11yDemoUITests" */;
			buildPhases = (
				6219E3652BF5F0F900B7001A /* Sources */,
				6219E3662BF5F0F900B7001A /* Frameworks */,
				6219E3672BF5F0F900B7001A /* Resources */,
			);
			buildRules = (
			);
			dependencies = (
				6219E36B2BF5F0F900B7001A /* PBXTargetDependency */,
			);
			name = "iOS-MobileO11yDemoUITests";
			productName = "iOS-MobileO11yDemoUITests";
			productReference = 6219E3692BF5F0F900B7001A /* iOS-MobileO11yDemoUITests.xctest */;
			productType = "com.apple.product-type.bundle.ui-testing";
		};
/* End PBXNativeTarget section */

/* Begin PBXProject section */
		6219E3472BF5F0F700B7001A /* Project object */ = {
			isa = PBXProject;
			attributes = {
				BuildIndependentTargetsInParallel = 1;
				LastSwiftUpdateCheck = 1540;
				LastUpgradeCheck = 1540;
				TargetAttributes = {
					6219E34E2BF5F0F700B7001A = {
						CreatedOnToolsVersion = 15.4;
					};
					6219E35E2BF5F0F800B7001A = {
						CreatedOnToolsVersion = 15.4;
						TestTargetID = 6219E34E2BF5F0F700B7001A;
					};
					6219E3682BF5F0F900B7001A = {
						CreatedOnToolsVersion = 15.4;
						TestTargetID = 6219E34E2BF5F0F700B7001A;
					};
				};
			};
			buildConfigurationList = 6219E34A2BF5F0F700B7001A /* Build configuration list for PBXProject "iOS-MobileO11yDemo" */;
			compatibilityVersion = "Xcode 14.0";
			developmentRegion = en;
			hasScannedForEncodings = 0;
			knownRegions = (
				en,
				Base,
			);
			mainGroup = 6219E3462BF5F0F700B7001A;
			packageReferences = (
				6219E37F2BF5F3D100B7001A /* XCRemoteSwiftPackageReference "opentelemetry-swift" */,
			);
			productRefGroup = 6219E3502BF5F0F700B7001A /* Products */;
			projectDirPath = "";
			projectRoot = "";
			targets = (
				6219E34E2BF5F0F700B7001A /* iOS-MobileO11yDemo */,
				6219E35E2BF5F0F800B7001A /* iOS-MobileO11yDemoTests */,
				6219E3682BF5F0F900B7001A /* iOS-MobileO11yDemoUITests */,
			);
		};
/* End PBXProject section */

/* Begin PBXResourcesBuildPhase section */
		6219E34D2BF5F0F700B7001A /* Resources */ = {
			isa = PBXResourcesBuildPhase;
			buildActionMask = 2147483647;
			files = (
				6219E35A2BF5F0F800B7001A /* Preview Assets.xcassets in Resources */,
				6219E3572BF5F0F800B7001A /* Assets.xcassets in Resources */,
			);
			runOnlyForDeploymentPostprocessing = 0;
		};
		6219E35D2BF5F0F800B7001A /* Resources */ = {
			isa = PBXResourcesBuildPhase;
			buildActionMask = 2147483647;
			files = (
			);
			runOnlyForDeploymentPostprocessing = 0;
		};
		6219E3672BF5F0F900B7001A /* Resources */ = {
			isa = PBXResourcesBuildPhase;
			buildActionMask = 2147483647;
			files = (
			);
			runOnlyForDeploymentPostprocessing = 0;
		};
/* End PBXResourcesBuildPhase section */

/* Begin PBXShellScriptBuildPhase section */
		62B850802BFAA71800DB0EAE /* Update Otel Config */ = {
			isa = PBXShellScriptBuildPhase;
			buildActionMask = 2147483647;
			files = (
			);
			inputFileListPaths = (
			);
			inputPaths = (
			);
			name = "Update Otel Config";
			outputFileListPaths = (
			);
			outputPaths = (
			);
			runOnlyForDeploymentPostprocessing = 0;
			shellPath = /bin/sh;
			shellScript = "cd \"${SRCROOT}/..\"\nmake update-otel-config\n";
		};
/* End PBXShellScriptBuildPhase section */

/* Begin PBXSourcesBuildPhase section */
		6219E34B2BF5F0F700B7001A /* Sources */ = {
			isa = PBXSourcesBuildPhase;
			buildActionMask = 2147483647;
			files = (
				62FDE7422C0F44D700DCB86E /* PhoneToCarLockUnlockActionView.swift in Sources */,
				6219E3552BF5F0F700B7001A /* ContentView.swift in Sources */,
				6219E39D2BF5F41B00B7001A /* OTelConfig.swift in Sources */,
				6219E3A12BF5F5FC00B7001A /* OTelAuthProvider.swift in Sources */,
				6219E3AB2BF5FC3A00B7001A /* ChangeDoorStatusRemoteAction.swift in Sources */,
				6219E3A32BF5F66300B7001A /* OTelLogs.swift in Sources */,
				6219E39F2BF5F53F00B7001A /* OTelResourceProvider.swift in Sources */,
				6219E3AE2BF5FD1700B7001A /* InjectedValues.swift in Sources */,
				62FDE7402C0F410200DCB86E /* DoorLockStateView.swift in Sources */,
				62BCDD802C0F2E8C00DC5715 /* PhoneToCarActionView.swift in Sources */,
				6219E3532BF5F0F700B7001A /* iOS_MobileO11yDemoApp.swift in Sources */,
				62FDE73D2C0F3DE100DCB86E /* PhoneToCarNotConnectedActionView.swift in Sources */,
				62FDE73B2C0F3DCD00DCB86E /* PhoneToCarConnectedActionView.swift in Sources */,
				6219E3A92BF5F9F900B7001A /* CarDoorStatus.swift in Sources */,
				6219E3B12BF5FD7700B7001A /* RemoteActionApiClient.swift in Sources */,
				6219E37E2BF5F27E00B7001A /* OTelTraces.swift in Sources */,
				62656F092BF94CBE009EB228 /* Logger.swift in Sources */,
				6219E3B32BF6002500B7001A /* ApiError.swift in Sources */,
				62BCDD7E2C0F28AB00DC5715 /* RemoteActionView.swift in Sources */,
				62994D662C0F488B008D8F78 /* PhoneToCarUpdateSoftwareActionView.swift in Sources */,
				6219E3A62BF5F9A600B7001A /* RemoteActionService.swift in Sources */,
			);
			runOnlyForDeploymentPostprocessing = 0;
		};
		6219E35B2BF5F0F800B7001A /* Sources */ = {
			isa = PBXSourcesBuildPhase;
			buildActionMask = 2147483647;
			files = (
				6219E3642BF5F0F800B7001A /* iOS_MobileO11yDemoTests.swift in Sources */,
			);
			runOnlyForDeploymentPostprocessing = 0;
		};
		6219E3652BF5F0F900B7001A /* Sources */ = {
			isa = PBXSourcesBuildPhase;
			buildActionMask = 2147483647;
			files = (
				6219E36E2BF5F0F900B7001A /* iOS_MobileO11yDemoUITests.swift in Sources */,
				6219E3702BF5F0F900B7001A /* iOS_MobileO11yDemoUITestsLaunchTests.swift in Sources */,
			);
			runOnlyForDeploymentPostprocessing = 0;
		};
/* End PBXSourcesBuildPhase section */

/* Begin PBXTargetDependency section */
		6219E3612BF5F0F800B7001A /* PBXTargetDependency */ = {
			isa = PBXTargetDependency;
			target = 6219E34E2BF5F0F700B7001A /* iOS-MobileO11yDemo */;
			targetProxy = 6219E3602BF5F0F800B7001A /* PBXContainerItemProxy */;
		};
		6219E36B2BF5F0F900B7001A /* PBXTargetDependency */ = {
			isa = PBXTargetDependency;
			target = 6219E34E2BF5F0F700B7001A /* iOS-MobileO11yDemo */;
			targetProxy = 6219E36A2BF5F0F900B7001A /* PBXContainerItemProxy */;
		};
/* End PBXTargetDependency section */

/* Begin XCBuildConfiguration section */
		6219E3712BF5F0F900B7001A /* Debug */ = {
			isa = XCBuildConfiguration;
			buildSettings = {
				ALWAYS_SEARCH_USER_PATHS = NO;
				ASSETCATALOG_COMPILER_GENERATE_SWIFT_ASSET_SYMBOL_EXTENSIONS = YES;
				CLANG_ANALYZER_NONNULL = YES;
				CLANG_ANALYZER_NUMBER_OBJECT_CONVERSION = YES_AGGRESSIVE;
				CLANG_CXX_LANGUAGE_STANDARD = "gnu++20";
				CLANG_ENABLE_MODULES = YES;
				CLANG_ENABLE_OBJC_ARC = YES;
				CLANG_ENABLE_OBJC_WEAK = YES;
				CLANG_WARN_BLOCK_CAPTURE_AUTORELEASING = YES;
				CLANG_WARN_BOOL_CONVERSION = YES;
				CLANG_WARN_COMMA = YES;
				CLANG_WARN_CONSTANT_CONVERSION = YES;
				CLANG_WARN_DEPRECATED_OBJC_IMPLEMENTATIONS = YES;
				CLANG_WARN_DIRECT_OBJC_ISA_USAGE = YES_ERROR;
				CLANG_WARN_DOCUMENTATION_COMMENTS = YES;
				CLANG_WARN_EMPTY_BODY = YES;
				CLANG_WARN_ENUM_CONVERSION = YES;
				CLANG_WARN_INFINITE_RECURSION = YES;
				CLANG_WARN_INT_CONVERSION = YES;
				CLANG_WARN_NON_LITERAL_NULL_CONVERSION = YES;
				CLANG_WARN_OBJC_IMPLICIT_RETAIN_SELF = YES;
				CLANG_WARN_OBJC_LITERAL_CONVERSION = YES;
				CLANG_WARN_OBJC_ROOT_CLASS = YES_ERROR;
				CLANG_WARN_QUOTED_INCLUDE_IN_FRAMEWORK_HEADER = YES;
				CLANG_WARN_RANGE_LOOP_ANALYSIS = YES;
				CLANG_WARN_STRICT_PROTOTYPES = YES;
				CLANG_WARN_SUSPICIOUS_MOVE = YES;
				CLANG_WARN_UNGUARDED_AVAILABILITY = YES_AGGRESSIVE;
				CLANG_WARN_UNREACHABLE_CODE = YES;
				CLANG_WARN__DUPLICATE_METHOD_MATCH = YES;
				COPY_PHASE_STRIP = NO;
				DEBUG_INFORMATION_FORMAT = dwarf;
				ENABLE_STRICT_OBJC_MSGSEND = YES;
				ENABLE_TESTABILITY = YES;
				ENABLE_USER_SCRIPT_SANDBOXING = YES;
				GCC_C_LANGUAGE_STANDARD = gnu17;
				GCC_DYNAMIC_NO_PIC = NO;
				GCC_NO_COMMON_BLOCKS = YES;
				GCC_OPTIMIZATION_LEVEL = 0;
				GCC_PREPROCESSOR_DEFINITIONS = (
					"DEBUG=1",
					"$(inherited)",
				);
				GCC_WARN_64_TO_32_BIT_CONVERSION = YES;
				GCC_WARN_ABOUT_RETURN_TYPE = YES_ERROR;
				GCC_WARN_UNDECLARED_SELECTOR = YES;
				GCC_WARN_UNINITIALIZED_AUTOS = YES_AGGRESSIVE;
				GCC_WARN_UNUSED_FUNCTION = YES;
				GCC_WARN_UNUSED_VARIABLE = YES;
				IPHONEOS_DEPLOYMENT_TARGET = 17.5;
				LOCALIZATION_PREFERS_STRING_CATALOGS = YES;
				MTL_ENABLE_DEBUG_INFO = INCLUDE_SOURCE;
				MTL_FAST_MATH = YES;
				ONLY_ACTIVE_ARCH = YES;
				SDKROOT = iphoneos;
				SWIFT_ACTIVE_COMPILATION_CONDITIONS = "DEBUG $(inherited)";
				SWIFT_OPTIMIZATION_LEVEL = "-Onone";
			};
			name = Debug;
		};
		6219E3722BF5F0F900B7001A /* Release */ = {
			isa = XCBuildConfiguration;
			buildSettings = {
				ALWAYS_SEARCH_USER_PATHS = NO;
				ASSETCATALOG_COMPILER_GENERATE_SWIFT_ASSET_SYMBOL_EXTENSIONS = YES;
				CLANG_ANALYZER_NONNULL = YES;
				CLANG_ANALYZER_NUMBER_OBJECT_CONVERSION = YES_AGGRESSIVE;
				CLANG_CXX_LANGUAGE_STANDARD = "gnu++20";
				CLANG_ENABLE_MODULES = YES;
				CLANG_ENABLE_OBJC_ARC = YES;
				CLANG_ENABLE_OBJC_WEAK = YES;
				CLANG_WARN_BLOCK_CAPTURE_AUTORELEASING = YES;
				CLANG_WARN_BOOL_CONVERSION = YES;
				CLANG_WARN_COMMA = YES;
				CLANG_WARN_CONSTANT_CONVERSION = YES;
				CLANG_WARN_DEPRECATED_OBJC_IMPLEMENTATIONS = YES;
				CLANG_WARN_DIRECT_OBJC_ISA_USAGE = YES_ERROR;
				CLANG_WARN_DOCUMENTATION_COMMENTS = YES;
				CLANG_WARN_EMPTY_BODY = YES;
				CLANG_WARN_ENUM_CONVERSION = YES;
				CLANG_WARN_INFINITE_RECURSION = YES;
				CLANG_WARN_INT_CONVERSION = YES;
				CLANG_WARN_NON_LITERAL_NULL_CONVERSION = YES;
				CLANG_WARN_OBJC_IMPLICIT_RETAIN_SELF = YES;
				CLANG_WARN_OBJC_LITERAL_CONVERSION = YES;
				CLANG_WARN_OBJC_ROOT_CLASS = YES_ERROR;
				CLANG_WARN_QUOTED_INCLUDE_IN_FRAMEWORK_HEADER = YES;
				CLANG_WARN_RANGE_LOOP_ANALYSIS = YES;
				CLANG_WARN_STRICT_PROTOTYPES = YES;
				CLANG_WARN_SUSPICIOUS_MOVE = YES;
				CLANG_WARN_UNGUARDED_AVAILABILITY = YES_AGGRESSIVE;
				CLANG_WARN_UNREACHABLE_CODE = YES;
				CLANG_WARN__DUPLICATE_METHOD_MATCH = YES;
				COPY_PHASE_STRIP = NO;
				DEBUG_INFORMATION_FORMAT = "dwarf-with-dsym";
				ENABLE_NS_ASSERTIONS = NO;
				ENABLE_STRICT_OBJC_MSGSEND = YES;
				ENABLE_USER_SCRIPT_SANDBOXING = YES;
				GCC_C_LANGUAGE_STANDARD = gnu17;
				GCC_NO_COMMON_BLOCKS = YES;
				GCC_WARN_64_TO_32_BIT_CONVERSION = YES;
				GCC_WARN_ABOUT_RETURN_TYPE = YES_ERROR;
				GCC_WARN_UNDECLARED_SELECTOR = YES;
				GCC_WARN_UNINITIALIZED_AUTOS = YES_AGGRESSIVE;
				GCC_WARN_UNUSED_FUNCTION = YES;
				GCC_WARN_UNUSED_VARIABLE = YES;
				IPHONEOS_DEPLOYMENT_TARGET = 17.5;
				LOCALIZATION_PREFERS_STRING_CATALOGS = YES;
				MTL_ENABLE_DEBUG_INFO = NO;
				MTL_FAST_MATH = YES;
				SDKROOT = iphoneos;
				SWIFT_COMPILATION_MODE = wholemodule;
				VALIDATE_PRODUCT = YES;
			};
			name = Release;
		};
		6219E3742BF5F0F900B7001A /* Debug */ = {
			isa = XCBuildConfiguration;
			buildSettings = {
				ASSETCATALOG_COMPILER_APPICON_NAME = AppIcon;
				ASSETCATALOG_COMPILER_GLOBAL_ACCENT_COLOR_NAME = AccentColor;
				CODE_SIGN_STYLE = Automatic;
				CURRENT_PROJECT_VERSION = 1;
				DEVELOPMENT_ASSET_PATHS = "\"iOS-MobileO11yDemo/Preview Content\"";
				DEVELOPMENT_TEAM = CF67NZZ27B;
				ENABLE_PREVIEWS = YES;
				ENABLE_USER_SCRIPT_SANDBOXING = NO;
				GENERATE_INFOPLIST_FILE = YES;
				INFOPLIST_KEY_UIApplicationSceneManifest_Generation = YES;
				INFOPLIST_KEY_UIApplicationSupportsIndirectInputEvents = YES;
				INFOPLIST_KEY_UILaunchScreen_Generation = YES;
				INFOPLIST_KEY_UISupportedInterfaceOrientations_iPad = "UIInterfaceOrientationPortrait UIInterfaceOrientationPortraitUpsideDown UIInterfaceOrientationLandscapeLeft UIInterfaceOrientationLandscapeRight";
				INFOPLIST_KEY_UISupportedInterfaceOrientations_iPhone = "UIInterfaceOrientationPortrait UIInterfaceOrientationLandscapeLeft UIInterfaceOrientationLandscapeRight";
				LD_RUNPATH_SEARCH_PATHS = (
					"$(inherited)",
					"@executable_path/Frameworks",
				);
				MARKETING_VERSION = 1.0;
				PRODUCT_BUNDLE_IDENTIFIER = "com.grafana.appo11y.demo.iOS-MobileO11yDemo";
				PRODUCT_NAME = "$(TARGET_NAME)";
				SWIFT_EMIT_LOC_STRINGS = YES;
				SWIFT_VERSION = 5.0;
				TARGETED_DEVICE_FAMILY = "1,2";
			};
			name = Debug;
		};
		6219E3752BF5F0F900B7001A /* Release */ = {
			isa = XCBuildConfiguration;
			buildSettings = {
				ASSETCATALOG_COMPILER_APPICON_NAME = AppIcon;
				ASSETCATALOG_COMPILER_GLOBAL_ACCENT_COLOR_NAME = AccentColor;
				CODE_SIGN_STYLE = Automatic;
				CURRENT_PROJECT_VERSION = 1;
				DEVELOPMENT_ASSET_PATHS = "\"iOS-MobileO11yDemo/Preview Content\"";
				DEVELOPMENT_TEAM = CF67NZZ27B;
				ENABLE_PREVIEWS = YES;
				ENABLE_USER_SCRIPT_SANDBOXING = NO;
				GENERATE_INFOPLIST_FILE = YES;
				INFOPLIST_KEY_UIApplicationSceneManifest_Generation = YES;
				INFOPLIST_KEY_UIApplicationSupportsIndirectInputEvents = YES;
				INFOPLIST_KEY_UILaunchScreen_Generation = YES;
				INFOPLIST_KEY_UISupportedInterfaceOrientations_iPad = "UIInterfaceOrientationPortrait UIInterfaceOrientationPortraitUpsideDown UIInterfaceOrientationLandscapeLeft UIInterfaceOrientationLandscapeRight";
				INFOPLIST_KEY_UISupportedInterfaceOrientations_iPhone = "UIInterfaceOrientationPortrait UIInterfaceOrientationLandscapeLeft UIInterfaceOrientationLandscapeRight";
				LD_RUNPATH_SEARCH_PATHS = (
					"$(inherited)",
					"@executable_path/Frameworks",
				);
				MARKETING_VERSION = 1.0;
				PRODUCT_BUNDLE_IDENTIFIER = "com.grafana.appo11y.demo.iOS-MobileO11yDemo";
				PRODUCT_NAME = "$(TARGET_NAME)";
				SWIFT_EMIT_LOC_STRINGS = YES;
				SWIFT_VERSION = 5.0;
				TARGETED_DEVICE_FAMILY = "1,2";
			};
			name = Release;
		};
		6219E3772BF5F0F900B7001A /* Debug */ = {
			isa = XCBuildConfiguration;
			buildSettings = {
				ALWAYS_EMBED_SWIFT_STANDARD_LIBRARIES = YES;
				BUNDLE_LOADER = "$(TEST_HOST)";
				CODE_SIGN_STYLE = Automatic;
				CURRENT_PROJECT_VERSION = 1;
				DEVELOPMENT_TEAM = CF67NZZ27B;
				GENERATE_INFOPLIST_FILE = YES;
				IPHONEOS_DEPLOYMENT_TARGET = 17.5;
				MARKETING_VERSION = 1.0;
				PRODUCT_BUNDLE_IDENTIFIER = "com.grafana.appo11y.demo.iOS-MobileO11yDemoTests";
				PRODUCT_NAME = "$(TARGET_NAME)";
				SWIFT_EMIT_LOC_STRINGS = NO;
				SWIFT_VERSION = 5.0;
				TARGETED_DEVICE_FAMILY = "1,2";
				TEST_HOST = "$(BUILT_PRODUCTS_DIR)/iOS-MobileO11yDemo.app/$(BUNDLE_EXECUTABLE_FOLDER_PATH)/iOS-MobileO11yDemo";
			};
			name = Debug;
		};
		6219E3782BF5F0F900B7001A /* Release */ = {
			isa = XCBuildConfiguration;
			buildSettings = {
				ALWAYS_EMBED_SWIFT_STANDARD_LIBRARIES = YES;
				BUNDLE_LOADER = "$(TEST_HOST)";
				CODE_SIGN_STYLE = Automatic;
				CURRENT_PROJECT_VERSION = 1;
				DEVELOPMENT_TEAM = CF67NZZ27B;
				GENERATE_INFOPLIST_FILE = YES;
				IPHONEOS_DEPLOYMENT_TARGET = 17.5;
				MARKETING_VERSION = 1.0;
				PRODUCT_BUNDLE_IDENTIFIER = "com.grafana.appo11y.demo.iOS-MobileO11yDemoTests";
				PRODUCT_NAME = "$(TARGET_NAME)";
				SWIFT_EMIT_LOC_STRINGS = NO;
				SWIFT_VERSION = 5.0;
				TARGETED_DEVICE_FAMILY = "1,2";
				TEST_HOST = "$(BUILT_PRODUCTS_DIR)/iOS-MobileO11yDemo.app/$(BUNDLE_EXECUTABLE_FOLDER_PATH)/iOS-MobileO11yDemo";
			};
			name = Release;
		};
		6219E37A2BF5F0F900B7001A /* Debug */ = {
			isa = XCBuildConfiguration;
			buildSettings = {
				ALWAYS_EMBED_SWIFT_STANDARD_LIBRARIES = YES;
				CODE_SIGN_STYLE = Automatic;
				CURRENT_PROJECT_VERSION = 1;
				DEVELOPMENT_TEAM = CF67NZZ27B;
				GENERATE_INFOPLIST_FILE = YES;
				MARKETING_VERSION = 1.0;
				PRODUCT_BUNDLE_IDENTIFIER = "com.grafana.appo11y.demo.iOS-MobileO11yDemoUITests";
				PRODUCT_NAME = "$(TARGET_NAME)";
				SWIFT_EMIT_LOC_STRINGS = NO;
				SWIFT_VERSION = 5.0;
				TARGETED_DEVICE_FAMILY = "1,2";
				TEST_TARGET_NAME = "iOS-MobileO11yDemo";
			};
			name = Debug;
		};
		6219E37B2BF5F0F900B7001A /* Release */ = {
			isa = XCBuildConfiguration;
			buildSettings = {
				ALWAYS_EMBED_SWIFT_STANDARD_LIBRARIES = YES;
				CODE_SIGN_STYLE = Automatic;
				CURRENT_PROJECT_VERSION = 1;
				DEVELOPMENT_TEAM = CF67NZZ27B;
				GENERATE_INFOPLIST_FILE = YES;
				MARKETING_VERSION = 1.0;
				PRODUCT_BUNDLE_IDENTIFIER = "com.grafana.appo11y.demo.iOS-MobileO11yDemoUITests";
				PRODUCT_NAME = "$(TARGET_NAME)";
				SWIFT_EMIT_LOC_STRINGS = NO;
				SWIFT_VERSION = 5.0;
				TARGETED_DEVICE_FAMILY = "1,2";
				TEST_TARGET_NAME = "iOS-MobileO11yDemo";
			};
			name = Release;
		};
/* End XCBuildConfiguration section */

/* Begin XCConfigurationList section */
		6219E34A2BF5F0F700B7001A /* Build configuration list for PBXProject "iOS-MobileO11yDemo" */ = {
			isa = XCConfigurationList;
			buildConfigurations = (
				6219E3712BF5F0F900B7001A /* Debug */,
				6219E3722BF5F0F900B7001A /* Release */,
			);
			defaultConfigurationIsVisible = 0;
			defaultConfigurationName = Release;
		};
		6219E3732BF5F0F900B7001A /* Build configuration list for PBXNativeTarget "iOS-MobileO11yDemo" */ = {
			isa = XCConfigurationList;
			buildConfigurations = (
				6219E3742BF5F0F900B7001A /* Debug */,
				6219E3752BF5F0F900B7001A /* Release */,
			);
			defaultConfigurationIsVisible = 0;
			defaultConfigurationName = Release;
		};
		6219E3762BF5F0F900B7001A /* Build configuration list for PBXNativeTarget "iOS-MobileO11yDemoTests" */ = {
			isa = XCConfigurationList;
			buildConfigurations = (
				6219E3772BF5F0F900B7001A /* Debug */,
				6219E3782BF5F0F900B7001A /* Release */,
			);
			defaultConfigurationIsVisible = 0;
			defaultConfigurationName = Release;
		};
		6219E3792BF5F0F900B7001A /* Build configuration list for PBXNativeTarget "iOS-MobileO11yDemoUITests" */ = {
			isa = XCConfigurationList;
			buildConfigurations = (
				6219E37A2BF5F0F900B7001A /* Debug */,
				6219E37B2BF5F0F900B7001A /* Release */,
			);
			defaultConfigurationIsVisible = 0;
			defaultConfigurationName = Release;
		};
/* End XCConfigurationList section */

/* Begin XCRemoteSwiftPackageReference section */
		6219E37F2BF5F3D100B7001A /* XCRemoteSwiftPackageReference "opentelemetry-swift" */ = {
			isa = XCRemoteSwiftPackageReference;
			repositoryURL = "https://github.com/open-telemetry/opentelemetry-swift";
			requirement = {
				kind = upToNextMajorVersion;
				minimumVersion = 1.9.2;
			};
		};
/* End XCRemoteSwiftPackageReference section */

/* Begin XCSwiftPackageProductDependency section */
		6219E3822BF5F3D100B7001A /* OpenTelemetryApi */ = {
			isa = XCSwiftPackageProductDependency;
			package = 6219E37F2BF5F3D100B7001A /* XCRemoteSwiftPackageReference "opentelemetry-swift" */;
			productName = OpenTelemetryApi;
		};
		6219E3862BF5F3D100B7001A /* OpenTelemetryProtocolExporterHTTP */ = {
			isa = XCSwiftPackageProductDependency;
			package = 6219E37F2BF5F3D100B7001A /* XCRemoteSwiftPackageReference "opentelemetry-swift" */;
			productName = OpenTelemetryProtocolExporterHTTP;
		};
		6219E3882BF5F3D100B7001A /* OpenTelemetrySdk */ = {
			isa = XCSwiftPackageProductDependency;
			package = 6219E37F2BF5F3D100B7001A /* XCRemoteSwiftPackageReference "opentelemetry-swift" */;
			productName = OpenTelemetrySdk;
		};
		6219E38A2BF5F3D100B7001A /* ResourceExtension */ = {
			isa = XCSwiftPackageProductDependency;
			package = 6219E37F2BF5F3D100B7001A /* XCRemoteSwiftPackageReference "opentelemetry-swift" */;
			productName = ResourceExtension;
		};
		6219E38C2BF5F3D100B7001A /* SignPostIntegration */ = {
			isa = XCSwiftPackageProductDependency;
			package = 6219E37F2BF5F3D100B7001A /* XCRemoteSwiftPackageReference "opentelemetry-swift" */;
			productName = SignPostIntegration;
		};
		6219E38E2BF5F3D100B7001A /* StdoutExporter */ = {
			isa = XCSwiftPackageProductDependency;
			package = 6219E37F2BF5F3D100B7001A /* XCRemoteSwiftPackageReference "opentelemetry-swift" */;
			productName = StdoutExporter;
		};
		6219E3922BF5F3D100B7001A /* URLSessionInstrumentation */ = {
			isa = XCSwiftPackageProductDependency;
			package = 6219E37F2BF5F3D100B7001A /* XCRemoteSwiftPackageReference "opentelemetry-swift" */;
			productName = URLSessionInstrumentation;
		};
/* End XCSwiftPackageProductDependency section */
	};
	rootObject = 6219E3472BF5F0F700B7001A /* Project object */;
}
